{
  "nodes": {
    "nixpkgs": {
      "locked": {
        "narHash": "sha256-Tt14Xkm2OBVM6vn06KI5lGAH17jwfDlvgEzTfspRcUU=",
        "type": "tarball",
        "url": "https://github.com/NixOS/nixpkgs/archive/fac3684647cc9d6dfb2a39f3f4b7cf5fc89c96b6.tar.gz"
      },
      "original": {
        "type": "tarball",
        "url": "https://github.com/NixOS/nixpkgs/archive/fac3684647cc9d6dfb2a39f3f4b7cf5fc89c96b6.tar.gz"
      }
    },
    "root": {
      "inputs": {
        "nixpkgs": "nixpkgs"
      }
    }
  },
  "root": "root",
  "version": 7
}
